
Microsoft Visual Studio Solution File, Format Version 12.00
# Visual Studio Version 17
VisualStudioVersion = 17.6.33829.357
MinimumVisualStudioVersion = 10.0.40219.1
Project("{FAE04EC0-301F-11D3-BF4B-00C04F79EFBC}") = "Webapi", "Webapi.csproj", "{3B1B3330-C181-48E2-B096-623883D75AB0}"
EndProject
Global
	GlobalSection(SolutionConfigurationPlatforms) = preSolution
		Debug|Any CPU = Debug|Any CPU
		Release|Any CPU = Release|Any CPU
	EndGlobalSection
	GlobalSection(ProjectConfigurationPlatforms) = postSolution
		{3B1B3330-C181-48E2-B096-623883D75AB0}.Debug|Any CPU.ActiveCfg = Debug|Any CPU
		{3B1B3330-C181-48E2-B096-623883D75AB0}.Debug|Any CPU.Build.0 = Debug|Any CPU
		{3B1B3330-C181-48E2-B096-623883D75AB0}.Release|Any CPU.ActiveCfg = Release|Any CPU
		{3B1B3330-C181-48E2-B096-623883D75AB0}.Release|Any CPU.Build.0 = Release|Any CPU
	EndGlobalSection
	GlobalSection(SolutionProperties) = preSolution
		HideSolutionNode = FALSE
	EndGlobalSection
	GlobalSection(ExtensibilityGlobals) = postSolution
		SolutionGuid = {C483568A-9F17-4508-9ECD-70B58E0B5083}
	EndGlobalSection
EndGlobal
